
Microsoft Visual Studio Solution File, Format Version 12.00
# Visual Studio Version 17
VisualStudioVersion = 17.5.002.0
MinimumVisualStudioVersion = 10.0.40219.1
Project("{9A19103F-16F7-4668-BE54-9A1E7A4F7556}") = "blackjack", "blackjack.csproj", "{1A34630D-416E-4B27-BA0B-72F4D3E8051D}"
EndProject
Global
	GlobalSection(SolutionConfigurationPlatforms) = preSolution
		Debug|Any CPU = Debug|Any CPU
		Release|Any CPU = Release|Any CPU
	EndGlobalSection
	GlobalSection(ProjectConfigurationPlatforms) = postSolution
		{1A34630D-416E-4B27-BA0B-72F4D3E8051D}.Debug|Any CPU.ActiveCfg = Debug|Any CPU
		{1A34630D-416E-4B27-BA0B-72F4D3E8051D}.Debug|Any CPU.Build.0 = Debug|Any CPU
		{1A34630D-416E-4B27-BA0B-72F4D3E8051D}.Release|Any CPU.ActiveCfg = Release|Any CPU
		{1A34630D-416E-4B27-BA0B-72F4D3E8051D}.Release|Any CPU.Build.0 = Release|Any CPU
	EndGlobalSection
	GlobalSection(SolutionProperties) = preSolution
		HideSolutionNode = FALSE
	EndGlobalSection
	GlobalSection(ExtensibilityGlobals) = postSolution
		SolutionGuid = {2BBEB4FC-6FC8-49D4-BF94-6E649DEB3FE8}
	EndGlobalSection
EndGlobal
